{
	"version": "0.1.0",
	"lockfileVersion": 1,
	"dependencies": {
		"async": {
			"version": "1.0.0",
			"resolved": "https://registry.npmjs.org/async/-/async-1.0.0.tgz",
			"integrity": "sha1-+PwEyjoTeErenhZBr5hXjPvWR6k="
		},
		"colors": {
			"version": "1.0.3",
			"resolved": "https://registry.npmjs.org/colors/-/colors-1.0.3.tgz",
			"integrity": "sha1-BDP0TYCWgP3rYO0mDxsMJi6CpAs="
		},
		"cycle": {
			"version": "1.0.3",
			"resolved": "https://registry.npmjs.org/cycle/-/cycle-1.0.3.tgz",
			"integrity": "sha1-IegLK+hYD5i0aPN5QwZisEbDStI="
		},
		"dotenv": {
			"version": "2.0.0",
			"resolved": "https://registry.npmjs.org/dotenv/-/dotenv-2.0.0.tgz",
			"integrity": "sha1-vXWcNXqqcDZeAclrewvsCKbg2Uk="
		},
		"dotenv-safe": {
			"version": "4.0.4",
			"resolved": "https://registry.npmjs.org/dotenv-safe/-/dotenv-safe-4.0.4.tgz",
			"integrity": "sha1-iw587Y5wsdPF2HTvlCDkBvOUJbM=",
			"dependencies": {
				"dotenv": {
					"version": "4.0.0",
					"resolved": "https://registry.npmjs.org/dotenv/-/dotenv-4.0.0.tgz",
					"integrity": "sha1-hk7xN5rO1Vzm+V3r7NzhefegzR0="
				}
			}
		},
		"eyes": {
			"version": "0.1.8",
			"resolved": "https://registry.npmjs.org/eyes/-/eyes-0.1.8.tgz",
			"integrity": "sha1-Ys8SAjTGg3hdkCNIqADvPgzCC8A="
		},
		"glossy": {
			"version": "0.1.7",
			"resolved": "https://registry.npmjs.org/glossy/-/glossy-0.1.7.tgz",
			"integrity": "sha1-dptZhKlvYGarnqdYIkgl7mwhDws="
		},
		"isstream": {
			"version": "0.1.2",
			"resolved": "https://registry.npmjs.org/isstream/-/isstream-0.1.2.tgz",
			"integrity": "sha1-R+Y/evVa+m+S4VAOaQ64uFKcCZo="
		},
		"minimist": {
			"version": "1.2.0",
			"resolved": "https://registry.npmjs.org/minimist/-/minimist-1.2.0.tgz",
			"integrity": "sha1-o1AIsg9BOD7sH7kU9M1d95omQoQ="
		},
		"stack-trace": {
			"version": "0.0.10",
			"resolved": "https://registry.npmjs.org/stack-trace/-/stack-trace-0.0.10.tgz",
			"integrity": "sha1-VHxws0fo0ytOEI6hoqFZ5f3eGcA="
		},
		"winston": {
			"version": "2.4.0",
			"resolved": "https://registry.npmjs.org/winston/-/winston-2.4.0.tgz",
			"integrity": "sha1-gIBQuT1SZh7Z+2wms/DIJnCLCu4="
		},
		"winston-papertrail": {
			"version": "1.0.5",
			"resolved": "https://registry.npmjs.org/winston-papertrail/-/winston-papertrail-1.0.5.tgz",
			"integrity": "sha1-VKI7FuUEZlK/aHs33IAnFL/UYsk="
		}
	}
}
